
Microsoft Visual Studio Solution File, Format Version 12.00
# Visual Studio 15
VisualStudioVersion = 15.0.28307.168
MinimumVisualStudioVersion = 10.0.40219.1
Project("{FAE04EC0-301F-11D3-BF4B-00C04F79EFBC}") = "LibrivoxCollector", "LibrivoxCollector\LibrivoxCollector.csproj", "{784CA832-6C46-4628-9EC5-D5EDF9193D2E}"
EndProject
Global
	GlobalSection(SolutionConfigurationPlatforms) = preSolution
		Debug|Any CPU = Debug|Any CPU
		Release|Any CPU = Release|Any CPU
	EndGlobalSection
	GlobalSection(ProjectConfigurationPlatforms) = postSolution
		{784CA832-6C46-4628-9EC5-D5EDF9193D2E}.Debug|Any CPU.ActiveCfg = Debug|Any CPU
		{784CA832-6C46-4628-9EC5-D5EDF9193D2E}.Debug|Any CPU.Build.0 = Debug|Any CPU
		{784CA832-6C46-4628-9EC5-D5EDF9193D2E}.Release|Any CPU.ActiveCfg = Release|Any CPU
		{784CA832-6C46-4628-9EC5-D5EDF9193D2E}.Release|Any CPU.Build.0 = Release|Any CPU
	EndGlobalSection
	GlobalSection(SolutionProperties) = preSolution
		HideSolutionNode = FALSE
	EndGlobalSection
	GlobalSection(ExtensibilityGlobals) = postSolution
		SolutionGuid = {2741124C-EA17-4249-9ED6-7D42D42667B6}
	EndGlobalSection
EndGlobal
